dependencies:
- name: nginx-ingress
  repository: https://helm.nginx.com/stable
  version: 0.17.0
- name: postgresql
  repository: https://charts.bitnami.com/bitnami
  version: 12.3.2
digest: sha256:9156913275e5b3242779a1f991b415cd3b2a2af03fb10b608b0a81f4ace85aca
generated: "2023-07-29T13:17:04.279354+03:00"
